
Microsoft Visual Studio Solution File, Format Version 12.00
# Visual Studio Version 17
VisualStudioVersion = 17.12.35514.174
MinimumVisualStudioVersion = 10.0.40219.1
Project("{FAE04EC0-301F-11D3-BF4B-00C04F79EFBC}") = "Ejercicio1.VIC", "Ejercicio1\Ejercicio1.VIC.csproj", "{A131C361-9711-4D8E-80DA-9E89AAB54DA7}"
EndProject
Project("{FAE04EC0-301F-11D3-BF4B-00C04F79EFBC}") = "Ejercicio2.CS", "Ejercicio2\Ejercicio2.CS.csproj", "{CFC235E7-92D0-4D7B-890A-5962DC00C4CD}"
EndProject
Project("{FAE04EC0-301F-11D3-BF4B-00C04F79EFBC}") = "Ejercicio3.VOF", "Ejercicio3\Ejercicio3.VOF.csproj", "{05C31E5C-02EE-461D-B74C-8251384CB482}"
EndProject
Global
	GlobalSection(SolutionConfigurationPlatforms) = preSolution
		Debug|Any CPU = Debug|Any CPU
		Release|Any CPU = Release|Any CPU
	EndGlobalSection
	GlobalSection(ProjectConfigurationPlatforms) = postSolution
		{A131C361-9711-4D8E-80DA-9E89AAB54DA7}.Debug|Any CPU.ActiveCfg = Debug|Any CPU
		{A131C361-9711-4D8E-80DA-9E89AAB54DA7}.Debug|Any CPU.Build.0 = Debug|Any CPU
		{A131C361-9711-4D8E-80DA-9E89AAB54DA7}.Release|Any CPU.ActiveCfg = Release|Any CPU
		{A131C361-9711-4D8E-80DA-9E89AAB54DA7}.Release|Any CPU.Build.0 = Release|Any CPU
		{CFC235E7-92D0-4D7B-890A-5962DC00C4CD}.Debug|Any CPU.ActiveCfg = Debug|Any CPU
		{CFC235E7-92D0-4D7B-890A-5962DC00C4CD}.Debug|Any CPU.Build.0 = Debug|Any CPU
		{CFC235E7-92D0-4D7B-890A-5962DC00C4CD}.Release|Any CPU.ActiveCfg = Release|Any CPU
		{CFC235E7-92D0-4D7B-890A-5962DC00C4CD}.Release|Any CPU.Build.0 = Release|Any CPU
		{05C31E5C-02EE-461D-B74C-8251384CB482}.Debug|Any CPU.ActiveCfg = Debug|Any CPU
		{05C31E5C-02EE-461D-B74C-8251384CB482}.Debug|Any CPU.Build.0 = Debug|Any CPU
		{05C31E5C-02EE-461D-B74C-8251384CB482}.Release|Any CPU.ActiveCfg = Release|Any CPU
		{05C31E5C-02EE-461D-B74C-8251384CB482}.Release|Any CPU.Build.0 = Release|Any CPU
	EndGlobalSection
	GlobalSection(SolutionProperties) = preSolution
		HideSolutionNode = FALSE
	EndGlobalSection
EndGlobal
